// !$*UTF8*$!
{
	archiveVersion = 1;
	classes = {
	};
	objectVersion = 56;
	objects = {

/* Begin PBXBuildFile section */
		C460724229DCC43900789883 /* AppDelegate.swift in Sources */ = {isa = PBXBuildFile; fileRef = C460724129DCC43900789883 /* AppDelegate.swift */; };
		C460724429DCC43900789883 /* SceneDelegate.swift in Sources */ = {isa = PBXBuildFile; fileRef = C460724329DCC43900789883 /* SceneDelegate.swift */; };
		C460724929DCC43900789883 /* Main.storyboard in Resources */ = {isa = PBXBuildFile; fileRef = C460724729DCC43900789883 /* Main.storyboard */; };
		C460724B29DCC43C00789883 /* Assets.xcassets in Resources */ = {isa = PBXBuildFile; fileRef = C460724A29DCC43C00789883 /* Assets.xcassets */; };
		C460724E29DCC43C00789883 /* LaunchScreen.storyboard in Resources */ = {isa = PBXBuildFile; fileRef = C460724C29DCC43C00789883 /* LaunchScreen.storyboard */; };
		C4C473D929DDDDB100C403A2 /* Onboarding.storyboard in Resources */ = {isa = PBXBuildFile; fileRef = C4C473D829DDDDB100C403A2 /* Onboarding.storyboard */; };
		C4D70C8429DCD49600CDEC19 /* Constants.swift in Sources */ = {isa = PBXBuildFile; fileRef = C4D70C8329DCD49600CDEC19 /* Constants.swift */; };
/* End PBXBuildFile section */

/* Begin PBXFileReference section */
		C460723E29DCC43900789883 /* Take a Seat.app */ = {isa = PBXFileReference; explicitFileType = wrapper.application; includeInIndex = 0; path = "Take a Seat.app"; sourceTree = BUILT_PRODUCTS_DIR; };
		C460724129DCC43900789883 /* AppDelegate.swift */ = {isa = PBXFileReference; lastKnownFileType = sourcecode.swift; path = AppDelegate.swift; sourceTree = "<group>"; };
		C460724329DCC43900789883 /* SceneDelegate.swift */ = {isa = PBXFileReference; lastKnownFileType = sourcecode.swift; path = SceneDelegate.swift; sourceTree = "<group>"; };
		C460724829DCC43900789883 /* Base */ = {isa = PBXFileReference; lastKnownFileType = file.storyboard; name = Base; path = Base.lproj/Main.storyboard; sourceTree = "<group>"; };
		C460724A29DCC43C00789883 /* Assets.xcassets */ = {isa = PBXFileReference; lastKnownFileType = folder.assetcatalog; path = Assets.xcassets; sourceTree = "<group>"; };
		C460724D29DCC43C00789883 /* Base */ = {isa = PBXFileReference; lastKnownFileType = file.storyboard; name = Base; path = Base.lproj/LaunchScreen.storyboard; sourceTree = "<group>"; };
		C460724F29DCC43C00789883 /* Info.plist */ = {isa = PBXFileReference; lastKnownFileType = text.plist.xml; path = Info.plist; sourceTree = "<group>"; };
		C4C473D829DDDDB100C403A2 /* Onboarding.storyboard */ = {isa = PBXFileReference; lastKnownFileType = file.storyboard; path = Onboarding.storyboard; sourceTree = "<group>"; };
		C4D70C8329DCD49600CDEC19 /* Constants.swift */ = {isa = PBXFileReference; lastKnownFileType = sourcecode.swift; path = Constants.swift; sourceTree = "<group>"; };
/* End PBXFileReference section */

/* Begin PBXFrameworksBuildPhase section */
		C460723B29DCC43900789883 /* Frameworks */ = {
			isa = PBXFrameworksBuildPhase;
			buildActionMask = 2147483647;
			files = (
			);
			runOnlyForDeploymentPostprocessing = 0;
		};
/* End PBXFrameworksBuildPhase section */

/* Begin PBXGroup section */
		C460723529DCC43900789883 = {
			isa = PBXGroup;
			children = (
				C460724029DCC43900789883 /* takeaseat */,
				C460723F29DCC43900789883 /* Products */,
			);
			sourceTree = "<group>";
		};
		C460723F29DCC43900789883 /* Products */ = {
			isa = PBXGroup;
			children = (
				C460723E29DCC43900789883 /* Take a Seat.app */,
			);
			name = Products;
			sourceTree = "<group>";
		};
		C460724029DCC43900789883 /* takeaseat */ = {
			isa = PBXGroup;
			children = (
				C4C473D729DDDAB400C403A2 /* Helpers */,
				C4C473D329DDDA2F00C403A2 /* Feature */,
				C460724729DCC43900789883 /* Main.storyboard */,
				C460724A29DCC43C00789883 /* Assets.xcassets */,
				C460724F29DCC43C00789883 /* Info.plist */,
			);
			path = takeaseat;
			sourceTree = "<group>";
		};
		C4C473D329DDDA2F00C403A2 /* Feature */ = {
			isa = PBXGroup;
			children = (
				C460724129DCC43900789883 /* AppDelegate.swift */,
				C460724329DCC43900789883 /* SceneDelegate.swift */,
				C4C473D629DDDA5C00C403A2 /* Home Screen */,
				C4C473D429DDDA3B00C403A2 /* Launch Screen */,
				C4C473D529DDDA4900C403A2 /* Onboarding Screen */,
			);
			path = Feature;
			sourceTree = "<group>";
		};
		C4C473D429DDDA3B00C403A2 /* Launch Screen */ = {
			isa = PBXGroup;
			children = (
				C460724C29DCC43C00789883 /* LaunchScreen.storyboard */,
			);
			path = "Launch Screen";
			sourceTree = "<group>";
		};
		C4C473D529DDDA4900C403A2 /* Onboarding Screen */ = {
			isa = PBXGroup;
			children = (
				C4C473D829DDDDB100C403A2 /* Onboarding.storyboard */,
			);
			path = "Onboarding Screen";
			sourceTree = "<group>";
		};
		C4C473D629DDDA5C00C403A2 /* Home Screen */ = {
			isa = PBXGroup;
			children = (
			);
			path = "Home Screen";
			sourceTree = "<group>";
		};
		C4C473D729DDDAB400C403A2 /* Helpers */ = {
			isa = PBXGroup;
			children = (
				C4D70C8329DCD49600CDEC19 /* Constants.swift */,
			);
			path = Helpers;
			sourceTree = "<group>";
		};
/* End PBXGroup section */

/* Begin PBXNativeTarget section */
		C460723D29DCC43900789883 /* Take a Seat */ = {
			isa = PBXNativeTarget;
			buildConfigurationList = C460725229DCC43C00789883 /* Build configuration list for PBXNativeTarget "Take a Seat" */;
			buildPhases = (
				C460723A29DCC43900789883 /* Sources */,
				C460723B29DCC43900789883 /* Frameworks */,
				C460723C29DCC43900789883 /* Resources */,
			);
			buildRules = (
			);
			dependencies = (
			);
			name = "Take a Seat";
			productName = takeaseat;
			productReference = C460723E29DCC43900789883 /* Take a Seat.app */;
			productType = "com.apple.product-type.application";
		};
/* End PBXNativeTarget section */

/* Begin PBXProject section */
		C460723629DCC43900789883 /* Project object */ = {
			isa = PBXProject;
			attributes = {
				BuildIndependentTargetsInParallel = 1;
				LastSwiftUpdateCheck = 1410;
				LastUpgradeCheck = 1410;
				TargetAttributes = {
					C460723D29DCC43900789883 = {
						CreatedOnToolsVersion = 14.1;
					};
				};
			};
			buildConfigurationList = C460723929DCC43900789883 /* Build configuration list for PBXProject "Take a Seat" */;
			compatibilityVersion = "Xcode 14.0";
			developmentRegion = en;
			hasScannedForEncodings = 0;
			knownRegions = (
				en,
				Base,
			);
			mainGroup = C460723529DCC43900789883;
			productRefGroup = C460723F29DCC43900789883 /* Products */;
			projectDirPath = "";
			projectRoot = "";
			targets = (
				C460723D29DCC43900789883 /* Take a Seat */,
			);
		};
/* End PBXProject section */

/* Begin PBXResourcesBuildPhase section */
		C460723C29DCC43900789883 /* Resources */ = {
			isa = PBXResourcesBuildPhase;
			buildActionMask = 2147483647;
			files = (
				C460724E29DCC43C00789883 /* LaunchScreen.storyboard in Resources */,
				C460724B29DCC43C00789883 /* Assets.xcassets in Resources */,
				C460724929DCC43900789883 /* Main.storyboard in Resources */,
				C4C473D929DDDDB100C403A2 /* Onboarding.storyboard in Resources */,
			);
			runOnlyForDeploymentPostprocessing = 0;
		};
/* End PBXResourcesBuildPhase section */

/* Begin PBXSourcesBuildPhase section */
		C460723A29DCC43900789883 /* Sources */ = {
			isa = PBXSourcesBuildPhase;
			buildActionMask = 2147483647;
			files = (
				C460724229DCC43900789883 /* AppDelegate.swift in Sources */,
				C460724429DCC43900789883 /* SceneDelegate.swift in Sources */,
				C4D70C8429DCD49600CDEC19 /* Constants.swift in Sources */,
			);
			runOnlyForDeploymentPostprocessing = 0;
		};
/* End PBXSourcesBuildPhase section */

/* Begin PBXVariantGroup section */
		C460724729DCC43900789883 /* Main.storyboard */ = {
			isa = PBXVariantGroup;
			children = (
				C460724829DCC43900789883 /* Base */,
			);
			name = Main.storyboard;
			sourceTree = "<group>";
		};
		C460724C29DCC43C00789883 /* LaunchScreen.storyboard */ = {
			isa = PBXVariantGroup;
			children = (
				C460724D29DCC43C00789883 /* Base */,
			);
			name = LaunchScreen.storyboard;
			sourceTree = "<group>";
		};
/* End PBXVariantGroup section */

/* Begin XCBuildConfiguration section */
		C460725029DCC43C00789883 /* Debug */ = {
			isa = XCBuildConfiguration;
			buildSettings = {
				ALWAYS_SEARCH_USER_PATHS = NO;
				CLANG_ANALYZER_NONNULL = YES;
				CLANG_ANALYZER_NUMBER_OBJECT_CONVERSION = YES_AGGRESSIVE;
				CLANG_CXX_LANGUAGE_STANDARD = "gnu++20";
				CLANG_ENABLE_MODULES = YES;
				CLANG_ENABLE_OBJC_ARC = YES;
				CLANG_ENABLE_OBJC_WEAK = YES;
				CLANG_WARN_BLOCK_CAPTURE_AUTORELEASING = YES;
				CLANG_WARN_BOOL_CONVERSION = YES;
				CLANG_WARN_COMMA = YES;
				CLANG_WARN_CONSTANT_CONVERSION = YES;
				CLANG_WARN_DEPRECATED_OBJC_IMPLEMENTATIONS = YES;
				CLANG_WARN_DIRECT_OBJC_ISA_USAGE = YES_ERROR;
				CLANG_WARN_DOCUMENTATION_COMMENTS = YES;
				CLANG_WARN_EMPTY_BODY = YES;
				CLANG_WARN_ENUM_CONVERSION = YES;
				CLANG_WARN_INFINITE_RECURSION = YES;
				CLANG_WARN_INT_CONVERSION = YES;
				CLANG_WARN_NON_LITERAL_NULL_CONVERSION = YES;
				CLANG_WARN_OBJC_IMPLICIT_RETAIN_SELF = YES;
				CLANG_WARN_OBJC_LITERAL_CONVERSION = YES;
				CLANG_WARN_OBJC_ROOT_CLASS = YES_ERROR;
				CLANG_WARN_QUOTED_INCLUDE_IN_FRAMEWORK_HEADER = YES;
				CLANG_WARN_RANGE_LOOP_ANALYSIS = YES;
				CLANG_WARN_STRICT_PROTOTYPES = YES;
				CLANG_WARN_SUSPICIOUS_MOVE = YES;
				CLANG_WARN_UNGUARDED_AVAILABILITY = YES_AGGRESSIVE;
				CLANG_WARN_UNREACHABLE_CODE = YES;
				CLANG_WARN__DUPLICATE_METHOD_MATCH = YES;
				COPY_PHASE_STRIP = NO;
				DEBUG_INFORMATION_FORMAT = dwarf;
				ENABLE_STRICT_OBJC_MSGSEND = YES;
				ENABLE_TESTABILITY = YES;
				GCC_C_LANGUAGE_STANDARD = gnu11;
				GCC_DYNAMIC_NO_PIC = NO;
				GCC_NO_COMMON_BLOCKS = YES;
				GCC_OPTIMIZATION_LEVEL = 0;
				GCC_PREPROCESSOR_DEFINITIONS = (
					"DEBUG=1",
					"$(inherited)",
				);
				GCC_WARN_64_TO_32_BIT_CONVERSION = YES;
				GCC_WARN_ABOUT_RETURN_TYPE = YES_ERROR;
				GCC_WARN_UNDECLARED_SELECTOR = YES;
				GCC_WARN_UNINITIALIZED_AUTOS = YES_AGGRESSIVE;
				GCC_WARN_UNUSED_FUNCTION = YES;
				GCC_WARN_UNUSED_VARIABLE = YES;
				IPHONEOS_DEPLOYMENT_TARGET = 16.1;
				MTL_ENABLE_DEBUG_INFO = INCLUDE_SOURCE;
				MTL_FAST_MATH = YES;
				ONLY_ACTIVE_ARCH = YES;
				SDKROOT = iphoneos;
				SWIFT_ACTIVE_COMPILATION_CONDITIONS = DEBUG;
				SWIFT_OPTIMIZATION_LEVEL = "-Onone";
			};
			name = Debug;
		};
		C460725129DCC43C00789883 /* Release */ = {
			isa = XCBuildConfiguration;
			buildSettings = {
				ALWAYS_SEARCH_USER_PATHS = NO;
				CLANG_ANALYZER_NONNULL = YES;
				CLANG_ANALYZER_NUMBER_OBJECT_CONVERSION = YES_AGGRESSIVE;
				CLANG_CXX_LANGUAGE_STANDARD = "gnu++20";
				CLANG_ENABLE_MODULES = YES;
				CLANG_ENABLE_OBJC_ARC = YES;
				CLANG_ENABLE_OBJC_WEAK = YES;
				CLANG_WARN_BLOCK_CAPTURE_AUTORELEASING = YES;
				CLANG_WARN_BOOL_CONVERSION = YES;
				CLANG_WARN_COMMA = YES;
				CLANG_WARN_CONSTANT_CONVERSION = YES;
				CLANG_WARN_DEPRECATED_OBJC_IMPLEMENTATIONS = YES;
				CLANG_WARN_DIRECT_OBJC_ISA_USAGE = YES_ERROR;
				CLANG_WARN_DOCUMENTATION_COMMENTS = YES;
				CLANG_WARN_EMPTY_BODY = YES;
				CLANG_WARN_ENUM_CONVERSION = YES;
				CLANG_WARN_INFINITE_RECURSION = YES;
				CLANG_WARN_INT_CONVERSION = YES;
				CLANG_WARN_NON_LITERAL_NULL_CONVERSION = YES;
				CLANG_WARN_OBJC_IMPLICIT_RETAIN_SELF = YES;
				CLANG_WARN_OBJC_LITERAL_CONVERSION = YES;
				CLANG_WARN_OBJC_ROOT_CLASS = YES_ERROR;
				CLANG_WARN_QUOTED_INCLUDE_IN_FRAMEWORK_HEADER = YES;
				CLANG_WARN_RANGE_LOOP_ANALYSIS = YES;
				CLANG_WARN_STRICT_PROTOTYPES = YES;
				CLANG_WARN_SUSPICIOUS_MOVE = YES;
				CLANG_WARN_UNGUARDED_AVAILABILITY = YES_AGGRESSIVE;
				CLANG_WARN_UNREACHABLE_CODE = YES;
				CLANG_WARN__DUPLICATE_METHOD_MATCH = YES;
				COPY_PHASE_STRIP = NO;
				DEBUG_INFORMATION_FORMAT = "dwarf-with-dsym";
				ENABLE_NS_ASSERTIONS = NO;
				ENABLE_STRICT_OBJC_MSGSEND = YES;
				GCC_C_LANGUAGE_STANDARD = gnu11;
				GCC_NO_COMMON_BLOCKS = YES;
				GCC_WARN_64_TO_32_BIT_CONVERSION = YES;
				GCC_WARN_ABOUT_RETURN_TYPE = YES_ERROR;
				GCC_WARN_UNDECLARED_SELECTOR = YES;
				GCC_WARN_UNINITIALIZED_AUTOS = YES_AGGRESSIVE;
				GCC_WARN_UNUSED_FUNCTION = YES;
				GCC_WARN_UNUSED_VARIABLE = YES;
				IPHONEOS_DEPLOYMENT_TARGET = 16.1;
				MTL_ENABLE_DEBUG_INFO = NO;
				MTL_FAST_MATH = YES;
				SDKROOT = iphoneos;
				SWIFT_COMPILATION_MODE = wholemodule;
				SWIFT_OPTIMIZATION_LEVEL = "-O";
				VALIDATE_PRODUCT = YES;
			};
			name = Release;
		};
		C460725329DCC43C00789883 /* Debug */ = {
			isa = XCBuildConfiguration;
			buildSettings = {
				ASSETCATALOG_COMPILER_APPICON_NAME = AppIcon;
				ASSETCATALOG_COMPILER_GLOBAL_ACCENT_COLOR_NAME = AccentColor;
				CODE_SIGN_STYLE = Automatic;
				CURRENT_PROJECT_VERSION = 1;
				DEVELOPMENT_TEAM = PSBGPNU5U5;
				GENERATE_INFOPLIST_FILE = YES;
				INFOPLIST_FILE = takeaseat/Info.plist;
				INFOPLIST_KEY_UIApplicationSupportsIndirectInputEvents = YES;
				INFOPLIST_KEY_UILaunchStoryboardName = LaunchScreen;
				INFOPLIST_KEY_UIMainStoryboardFile = Main;
				INFOPLIST_KEY_UISupportedInterfaceOrientations_iPad = "UIInterfaceOrientationPortrait UIInterfaceOrientationPortraitUpsideDown UIInterfaceOrientationLandscapeLeft UIInterfaceOrientationLandscapeRight";
				INFOPLIST_KEY_UISupportedInterfaceOrientations_iPhone = "UIInterfaceOrientationPortrait UIInterfaceOrientationLandscapeLeft UIInterfaceOrientationLandscapeRight";
				LD_RUNPATH_SEARCH_PATHS = (
					"$(inherited)",
					"@executable_path/Frameworks",
				);
				MARKETING_VERSION = 1.0;
				PRODUCT_BUNDLE_IDENTIFIER = com.ahmert.takeaseat;
				PRODUCT_NAME = "$(TARGET_NAME)";
				SWIFT_EMIT_LOC_STRINGS = YES;
				SWIFT_VERSION = 5.0;
				TARGETED_DEVICE_FAMILY = "1,2";
			};
			name = Debug;
		};
		C460725429DCC43C00789883 /* Release */ = {
			isa = XCBuildConfiguration;
			buildSettings = {
				ASSETCATALOG_COMPILER_APPICON_NAME = AppIcon;
				ASSETCATALOG_COMPILER_GLOBAL_ACCENT_COLOR_NAME = AccentColor;
				CODE_SIGN_STYLE = Automatic;
				CURRENT_PROJECT_VERSION = 1;
				DEVELOPMENT_TEAM = PSBGPNU5U5;
				GENERATE_INFOPLIST_FILE = YES;
				INFOPLIST_FILE = takeaseat/Info.plist;
				INFOPLIST_KEY_UIApplicationSupportsIndirectInputEvents = YES;
				INFOPLIST_KEY_UILaunchStoryboardName = LaunchScreen;
				INFOPLIST_KEY_UIMainStoryboardFile = Main;
				INFOPLIST_KEY_UISupportedInterfaceOrientations_iPad = "UIInterfaceOrientationPortrait UIInterfaceOrientationPortraitUpsideDown UIInterfaceOrientationLandscapeLeft UIInterfaceOrientationLandscapeRight";
				INFOPLIST_KEY_UISupportedInterfaceOrientations_iPhone = "UIInterfaceOrientationPortrait UIInterfaceOrientationLandscapeLeft UIInterfaceOrientationLandscapeRight";
				LD_RUNPATH_SEARCH_PATHS = (
					"$(inherited)",
					"@executable_path/Frameworks",
				);
				MARKETING_VERSION = 1.0;
				PRODUCT_BUNDLE_IDENTIFIER = com.ahmert.takeaseat;
				PRODUCT_NAME = "$(TARGET_NAME)";
				SWIFT_EMIT_LOC_STRINGS = YES;
				SWIFT_VERSION = 5.0;
				TARGETED_DEVICE_FAMILY = "1,2";
			};
			name = Release;
		};
/* End XCBuildConfiguration section */

/* Begin XCConfigurationList section */
		C460723929DCC43900789883 /* Build configuration list for PBXProject "Take a Seat" */ = {
			isa = XCConfigurationList;
			buildConfigurations = (
				C460725029DCC43C00789883 /* Debug */,
				C460725129DCC43C00789883 /* Release */,
			);
			defaultConfigurationIsVisible = 0;
			defaultConfigurationName = Release;
		};
		C460725229DCC43C00789883 /* Build configuration list for PBXNativeTarget "Take a Seat" */ = {
			isa = XCConfigurationList;
			buildConfigurations = (
				C460725329DCC43C00789883 /* Debug */,
				C460725429DCC43C00789883 /* Release */,
			);
			defaultConfigurationIsVisible = 0;
			defaultConfigurationName = Release;
		};
/* End XCConfigurationList section */
	};
	rootObject = C460723629DCC43900789883 /* Project object */;
}
